
Microsoft Visual Studio Solution File, Format Version 12.00
# Visual Studio Version 17
VisualStudioVersion = 17.14.36811.4 d17.14
MinimumVisualStudioVersion = 10.0.40219.1
Project("{FAE04EC0-301F-11D3-BF4B-00C04F79EFBC}") = "LibrarySystem", "LibrarySystem.csproj", "{5A8C8A51-F40D-4BC8-87A5-A6A6ADE2F065}"
EndProject
Global
	GlobalSection(SolutionConfigurationPlatforms) = preSolution
		Debug|Any CPU = Debug|Any CPU
		Release|Any CPU = Release|Any CPU
	EndGlobalSection
	GlobalSection(ProjectConfigurationPlatforms) = postSolution
		{5A8C8A51-F40D-4BC8-87A5-A6A6ADE2F065}.Debug|Any CPU.ActiveCfg = Debug|Any CPU
		{5A8C8A51-F40D-4BC8-87A5-A6A6ADE2F065}.Debug|Any CPU.Build.0 = Debug|Any CPU
		{5A8C8A51-F40D-4BC8-87A5-A6A6ADE2F065}.Release|Any CPU.ActiveCfg = Release|Any CPU
		{5A8C8A51-F40D-4BC8-87A5-A6A6ADE2F065}.Release|Any CPU.Build.0 = Release|Any CPU
	EndGlobalSection
	GlobalSection(SolutionProperties) = preSolution
		HideSolutionNode = FALSE
	EndGlobalSection
	GlobalSection(ExtensibilityGlobals) = postSolution
		SolutionGuid = {2A7E1C45-24C4-46E2-A643-7B561FE7E9E1}
	EndGlobalSection
EndGlobal
